// !$*UTF8*$!
{
	archiveVersion = 1;
	classes = {
	};
	objectVersion = 77;
	objects = {

/* Begin PBXBuildFile section */
		010FF65360275A3B938F3824 /* StaticOverlayLayerTests.swift in Sources */ = {isa = PBXBuildFile; fileRef = 5B2D3769CC1909841E1C5B28 /* StaticOverlayLayerTests.swift */; };
		01B3A6A8E5B947CD6BF0F0A3 /* AppState.swift in Sources */ = {isa = PBXBuildFile; fileRef = 15E188446FBB732CE9D1C15A /* AppState.swift */; };
		036DEB9B599D533E0513A75B /* pluto.jpg in Resources */ = {isa = PBXBuildFile; fileRef = F4EFDF4F8F73A5C52585AA7F /* pluto.jpg */; };
		037DA22F5F8A651A6EECAE37 /* EquirectangularShaders.metal in Sources */ = {isa = PBXBuildFile; fileRef = E16F950B088229A9D177BA41 /* EquirectangularShaders.metal */; };
		0669660D89121D9A6F91B59C /* OverlayCompositor.swift in Sources */ = {isa = PBXBuildFile; fileRef = BC1A3AA7C59C097F00FE2EE5 /* OverlayCompositor.swift */; };
		0C378027CF4BE25711D9A52D /* blue_marble.jpg in Resources */ = {isa = PBXBuildFile; fileRef = F907540F5ED70EE6B9677996 /* blue_marble.jpg */; };
		0D24867CED1D9213F57B1D9A /* VideoFrameExtractor.swift in Sources */ = {isa = PBXBuildFile; fileRef = 11F0C0DED236DCE47E06B367 /* VideoFrameExtractor.swift */; };
		0F4B4B1E0D78A2C68DE9313A /* VideoPlaybackControllerTests.swift in Sources */ = {isa = PBXBuildFile; fileRef = CBCD03BE1482637172A1081E /* VideoPlaybackControllerTests.swift */; };
		12E8945DA5E734F3CA7B2DB9 /* DataFeed.swift in Sources */ = {isa = PBXBuildFile; fileRef = 37447F74676C3A0E269DECF7 /* DataFeed.swift */; };
		13687A638D11228772A43506 /* neptune.jpg in Resources */ = {isa = PBXBuildFile; fileRef = EF294168D66B30189CAC8328 /* neptune.jpg */; };
		201F62673C5E0266FA4018EF /* StoryPlayerView.swift in Sources */ = {isa = PBXBuildFile; fileRef = AA36D9EB41B827B92DF658C0 /* StoryPlayerView.swift */; };
		2329B29F3997D4CBCB9D8AC1 /* ContentManager.swift in Sources */ = {isa = PBXBuildFile; fileRef = DE7A75B4B4A41D2A3087B6DB /* ContentManager.swift */; };
		26FE2A5DA982100B82AC3559 /* PrivacyInfo.xcprivacy in Resources */ = {isa = PBXBuildFile; fileRef = 0100EBCDEC638AC9764244A8 /* PrivacyInfo.xcprivacy */; };
		2E775E943078163F8585605C /* saturn.jpg in Resources */ = {isa = PBXBuildFile; fileRef = 07BE9C830B6C35E534C862BF /* saturn.jpg */; };
		35C26F82C8EACB8298ADDA2F /* ControlPanelView.swift in Sources */ = {isa = PBXBuildFile; fileRef = AEE3B9D6EBC9033EF2BB8BE7 /* ControlPanelView.swift */; };
		3BF2825E2F4B1C4161692DF0 /* jupiter.jpg in Resources */ = {isa = PBXBuildFile; fileRef = 87FBA9D90DE9E2E325DF48D6 /* jupiter.jpg */; };
		4F6B7525614D3D132943110C /* earth_clouds.jpg in Resources */ = {isa = PBXBuildFile; fileRef = 4FC97C593ADC7368F2F02009 /* earth_clouds.jpg */; };
		4FD0FBEA4E0CEEDD1F2B3BE1 /* USGSEarthquakeProvider.swift in Sources */ = {isa = PBXBuildFile; fileRef = B6505AA8303EDE58780DAA2D /* USGSEarthquakeProvider.swift */; };
		503BF6AC548F30EBDE1D7762 /* VideoPlaybackController.swift in Sources */ = {isa = PBXBuildFile; fileRef = 88B847750833CF51A2D3D3E7 /* VideoPlaybackController.swift */; };
		532DF8DECC7F756FE8050846 /* MapProjection.swift in Sources */ = {isa = PBXBuildFile; fileRef = D1FE55E475607DDBAF387C24 /* MapProjection.swift */; };
		55E981C48D12132CBD1D6A8A /* RenderEngineKey.swift in Sources */ = {isa = PBXBuildFile; fileRef = 3E9AD62A7D66A0067485E088 /* RenderEngineKey.swift */; };
		574C97106B4A90E2381BF451 /* MapProjectionTests.swift in Sources */ = {isa = PBXBuildFile; fileRef = 74DFFBA656230A247BE961F7 /* MapProjectionTests.swift */; };
		5A1C9DBFC5FDBF9756E60834 /* ContentBundleTests.swift in Sources */ = {isa = PBXBuildFile; fileRef = FD19F9A1FBD064BC07C9A7F4 /* ContentBundleTests.swift */; };
		5B8BA8FE0328325063066350 /* OverlayController.swift in Sources */ = {isa = PBXBuildFile; fileRef = 683D4A843BA8BF2B7946D906 /* OverlayController.swift */; };
		5C3FF5CA482562A5D9C49BB3 /* StaticOverlayLayer.swift in Sources */ = {isa = PBXBuildFile; fileRef = 7C2BEC263B67DAD983912AC0 /* StaticOverlayLayer.swift */; };
		61FFB73F2AE5FD9A7707375B /* ContentBundle.swift in Sources */ = {isa = PBXBuildFile; fileRef = DA5C91CE843C006280F02E94 /* ContentBundle.swift */; };
		620F83402C837794E099559E /* SharedAppResources.swift in Sources */ = {isa = PBXBuildFile; fileRef = 26C8FD669A99D0F8DA1A2D50 /* SharedAppResources.swift */; };
		624528C006B4F008A02BA8BE /* DataFeedModelTests.swift in Sources */ = {isa = PBXBuildFile; fileRef = A3E4972F6AB5CDF7C4E7CDDC /* DataFeedModelTests.swift */; };
		6459506740DE0C08D1AF44CC /* AnimationSequencer.swift in Sources */ = {isa = PBXBuildFile; fileRef = 8130E7A5182E1FD2A5A94B74 /* AnimationSequencer.swift */; };
		67E249BDBC53CCCA704BB03D /* GeoEvent.swift in Sources */ = {isa = PBXBuildFile; fileRef = 285FEC5239387C7E49ABEE9F /* GeoEvent.swift */; };
		683018AC7DC6BE21317DBC31 /* earth_topo.jpg in Resources */ = {isa = PBXBuildFile; fileRef = 68B5E8109F795F0320DFDC53 /* earth_topo.jpg */; };
		6C9987AACDDD86501B079D07 /* DataFeedService.swift in Sources */ = {isa = PBXBuildFile; fileRef = C0FC8D22C0C4CF78D925801E /* DataFeedService.swift */; };
		6DD533F52977789CA917738D /* ContentBrowserView.swift in Sources */ = {isa = PBXBuildFile; fileRef = 51DA5E06390BD51813967302 /* ContentBrowserView.swift */; };
		7233C73094E83261BD1B0C05 /* rivers_2048x1024.png in Resources */ = {isa = PBXBuildFile; fileRef = 505829D424ACDA769995D9DA /* rivers_2048x1024.png */; };
		7B4435662F787CCAB38DF650 /* uranus.jpg in Resources */ = {isa = PBXBuildFile; fileRef = F5743352306B8C1005493DAF /* uranus.jpg */; };
		7F384EDE88AA178D664F0CDA /* GlobeOutputView.swift in Sources */ = {isa = PBXBuildFile; fileRef = C7517B787A111441E6FD34CF /* GlobeOutputView.swift */; };
		834F7C4CEACB479BF812A78A /* DisplayCalibration.swift in Sources */ = {isa = PBXBuildFile; fileRef = 3EF4C2855AE2D2139DF1627B /* DisplayCalibration.swift */; };
		869BFE77C8E041B4387CF4E1 /* AnimationSequencerTests.swift in Sources */ = {isa = PBXBuildFile; fileRef = 7BF408A12EF4170700F23D94 /* AnimationSequencerTests.swift */; };
		8948F2322538BB83A3A3167F /* MotionMathTests.swift in Sources */ = {isa = PBXBuildFile; fileRef = 28F2B50A66EC94F939AD15D5 /* MotionMathTests.swift */; };
		8EA3DF2BB12412956BC7D080 /* venus.jpg in Resources */ = {isa = PBXBuildFile; fileRef = 445ACD0C3EC97EA528027264 /* venus.jpg */; };
		8F7613AC4C261A628A622438 /* PlaybackControlsView.swift in Sources */ = {isa = PBXBuildFile; fileRef = 744C1ABFE65CE6318C1AD11F /* PlaybackControlsView.swift */; };
		9753A7EEE839C56D136F5EF6 /* PlanetaryBody.swift in Sources */ = {isa = PBXBuildFile; fileRef = E848C94A8EA637719B5276B3 /* PlanetaryBody.swift */; };
		97DA0418D5CBD6A6FEFA44D7 /* mars.jpg in Resources */ = {isa = PBXBuildFile; fileRef = C549AFF55AA149B3698993C7 /* mars.jpg */; };
		989D4237A2054BC0C4EA649A /* moon.jpg in Resources */ = {isa = PBXBuildFile; fileRef = 669BAEF92AF27CC6003950BD /* moon.jpg */; };
		98E2E3D6DC62BB597938BB56 /* OnboardingView.swift in Sources */ = {isa = PBXBuildFile; fileRef = 480F0636B1B7CC1B64151037 /* OnboardingView.swift */; };
		9F6D808A25F4E9F5E79E783C /* StoryLibrary.swift in Sources */ = {isa = PBXBuildFile; fileRef = 20935DA0D8C0D0794D120838 /* StoryLibrary.swift */; };
		A37E523B3B17E5A1023A6904 /* DisplayCalibrationTests.swift in Sources */ = {isa = PBXBuildFile; fileRef = C32151FCFBF3F3A98575389D /* DisplayCalibrationTests.swift */; };
		A65C30000BDD36D80D8C6F0F /* DataLegendView.swift in Sources */ = {isa = PBXBuildFile; fileRef = 805012810FE0F9A38DC4E548 /* DataLegendView.swift */; };
		A87DBBDC3F0F5AC9440CBAA8 /* ExternalDisplayManager.swift in Sources */ = {isa = PBXBuildFile; fileRef = A66194989FA02E4896509C29 /* ExternalDisplayManager.swift */; };
		AA73488531435612E4CC099F /* BundleParser.swift in Sources */ = {isa = PBXBuildFile; fileRef = D1F3082D1C0C63284D7E98B5 /* BundleParser.swift */; };
		B00D43BDA6E537A1F831786E /* AirQualityProvider.swift in Sources */ = {isa = PBXBuildFile; fileRef = E5EC5CB01D5456762E47721C /* AirQualityProvider.swift */; };
		C113DB3A0EF25DCF742A2DE5 /* mercury.jpg in Resources */ = {isa = PBXBuildFile; fileRef = A89BC4FAE1235A518DCDFE68 /* mercury.jpg */; };
		CC7E572A322E37890EF3F5C0 /* SettingsView.swift in Sources */ = {isa = PBXBuildFile; fileRef = 11A1C6A40EC426DDD1239DD1 /* SettingsView.swift */; };
		CEC7E38C39EFBF11E9CCFDF6 /* ContentDownloader.swift in Sources */ = {isa = PBXBuildFile; fileRef = ECAB11725EFD83864DC835DE /* ContentDownloader.swift */; };
		D064405188AAE1FD34D829F9 /* earth_night.jpg in Resources */ = {isa = PBXBuildFile; fileRef = D167D283104F49C66765C8CA /* earth_night.jpg */; };
		D5F70503F06A154C858C6338 /* NASAEONETProvider.swift in Sources */ = {isa = PBXBuildFile; fileRef = DC5CDFB56B82CDBA2F25C1D6 /* NASAEONETProvider.swift */; };
		D85241658422813F4BA786CF /* RenderEngine.swift in Sources */ = {isa = PBXBuildFile; fileRef = A13A50F6646B3F4B8813D88F /* RenderEngine.swift */; };
		DE1A68839FDEB7672AC06105 /* test_equirectangular.png in Resources */ = {isa = PBXBuildFile; fileRef = 5725FFB69FF9C8E8DD7344F1 /* test_equirectangular.png */; };
		DE3F4D2E03B967126B8F8ED1 /* ContentCard.swift in Sources */ = {isa = PBXBuildFile; fileRef = C921EF1D7C9F5F990F836880 /* ContentCard.swift */; };
		DF4E00B1B4EAA5045695E6B4 /* ExternalDisplaySceneDelegate.swift in Sources */ = {isa = PBXBuildFile; fileRef = F503D218BA3AD5DEBC49D9E7 /* ExternalDisplaySceneDelegate.swift */; };
		DF6EE1D97B3DEFBD7B913821 /* Story.swift in Sources */ = {isa = PBXBuildFile; fileRef = 96C80C15FB8A9496DF24491D /* Story.swift */; };
		E18AD1C043D0E39F6B9A50C8 /* Assets.xcassets in Resources */ = {isa = PBXBuildFile; fileRef = 194BD062AB4CEF72216BA329 /* Assets.xcassets */; };
		E1CB07545929B27B08CA9348 /* AirQualityProviderTests.swift in Sources */ = {isa = PBXBuildFile; fileRef = 72C8BAD5881D6C151863D577 /* AirQualityProviderTests.swift */; };
		F6AB805D1D47BA72FF5E8DF1 /* GlobeDisplayApp.swift in Sources */ = {isa = PBXBuildFile; fileRef = FFF0F0692E77943DD5BE067E /* GlobeDisplayApp.swift */; };
		F7565373EF673E5ADAC24068 /* NetworkMonitor.swift in Sources */ = {isa = PBXBuildFile; fileRef = F093544A9E571E7E59EBE9B6 /* NetworkMonitor.swift */; };
		F91C421704D4A8381CE08317 /* DataFeedProvider.swift in Sources */ = {isa = PBXBuildFile; fileRef = A7FDA1D0A516ED64A6108F89 /* DataFeedProvider.swift */; };
/* End PBXBuildFile section */

/* Begin PBXContainerItemProxy section */
		1A325E09279E16013ED728DC /* PBXContainerItemProxy */ = {
			isa = PBXContainerItemProxy;
			containerPortal = 8356DABF75542E14C89D571C /* Project object */;
			proxyType = 1;
			remoteGlobalIDString = C708ED5EF88B805A49324A65;
			remoteInfo = GlobeDisplay;
		};
		64DAAAF6B710FDAF050282D6 /* PBXContainerItemProxy */ = {
			isa = PBXContainerItemProxy;
			containerPortal = 8356DABF75542E14C89D571C /* Project object */;
			proxyType = 1;
			remoteGlobalIDString = C708ED5EF88B805A49324A65;
			remoteInfo = GlobeDisplay;
		};
/* End PBXContainerItemProxy section */

/* Begin PBXFileReference section */
		0100EBCDEC638AC9764244A8 /* PrivacyInfo.xcprivacy */ = {isa = PBXFileReference; path = PrivacyInfo.xcprivacy; sourceTree = "<group>"; };
		07BE9C830B6C35E534C862BF /* saturn.jpg */ = {isa = PBXFileReference; lastKnownFileType = image.jpeg; path = saturn.jpg; sourceTree = "<group>"; };
		11A1C6A40EC426DDD1239DD1 /* SettingsView.swift */ = {isa = PBXFileReference; lastKnownFileType = sourcecode.swift; path = SettingsView.swift; sourceTree = "<group>"; };
		11F0C0DED236DCE47E06B367 /* VideoFrameExtractor.swift */ = {isa = PBXFileReference; lastKnownFileType = sourcecode.swift; path = VideoFrameExtractor.swift; sourceTree = "<group>"; };
		15E188446FBB732CE9D1C15A /* AppState.swift */ = {isa = PBXFileReference; lastKnownFileType = sourcecode.swift; path = AppState.swift; sourceTree = "<group>"; };
		194BD062AB4CEF72216BA329 /* Assets.xcassets */ = {isa = PBXFileReference; lastKnownFileType = folder.assetcatalog; path = Assets.xcassets; sourceTree = "<group>"; };
		20935DA0D8C0D0794D120838 /* StoryLibrary.swift */ = {isa = PBXFileReference; lastKnownFileType = sourcecode.swift; path = StoryLibrary.swift; sourceTree = "<group>"; };
		26C8FD669A99D0F8DA1A2D50 /* SharedAppResources.swift */ = {isa = PBXFileReference; lastKnownFileType = sourcecode.swift; path = SharedAppResources.swift; sourceTree = "<group>"; };
		285FEC5239387C7E49ABEE9F /* GeoEvent.swift */ = {isa = PBXFileReference; lastKnownFileType = sourcecode.swift; path = GeoEvent.swift; sourceTree = "<group>"; };
		28F2B50A66EC94F939AD15D5 /* MotionMathTests.swift */ = {isa = PBXFileReference; lastKnownFileType = sourcecode.swift; path = MotionMathTests.swift; sourceTree = "<group>"; };
		2957F0ED262A745F55071427 /* Info.plist */ = {isa = PBXFileReference; lastKnownFileType = text.plist; path = Info.plist; sourceTree = "<group>"; };
		37447F74676C3A0E269DECF7 /* DataFeed.swift */ = {isa = PBXFileReference; lastKnownFileType = sourcecode.swift; path = DataFeed.swift; sourceTree = "<group>"; };
		3E9AD62A7D66A0067485E088 /* RenderEngineKey.swift */ = {isa = PBXFileReference; lastKnownFileType = sourcecode.swift; path = RenderEngineKey.swift; sourceTree = "<group>"; };
		3EF4C2855AE2D2139DF1627B /* DisplayCalibration.swift */ = {isa = PBXFileReference; lastKnownFileType = sourcecode.swift; path = DisplayCalibration.swift; sourceTree = "<group>"; };
		445ACD0C3EC97EA528027264 /* venus.jpg */ = {isa = PBXFileReference; lastKnownFileType = image.jpeg; path = venus.jpg; sourceTree = "<group>"; };
		480F0636B1B7CC1B64151037 /* OnboardingView.swift */ = {isa = PBXFileReference; lastKnownFileType = sourcecode.swift; path = OnboardingView.swift; sourceTree = "<group>"; };
		4B64CD5E5CD3747F8DA45CC5 /* GlobeDisplayUITests.xctest */ = {isa = PBXFileReference; includeInIndex = 0; lastKnownFileType = wrapper.cfbundle; path = GlobeDisplayUITests.xctest; sourceTree = BUILT_PRODUCTS_DIR; };
		4FC97C593ADC7368F2F02009 /* earth_clouds.jpg */ = {isa = PBXFileReference; lastKnownFileType = image.jpeg; path = earth_clouds.jpg; sourceTree = "<group>"; };
		505829D424ACDA769995D9DA /* rivers_2048x1024.png */ = {isa = PBXFileReference; lastKnownFileType = image.png; path = rivers_2048x1024.png; sourceTree = "<group>"; };
		51DA5E06390BD51813967302 /* ContentBrowserView.swift */ = {isa = PBXFileReference; lastKnownFileType = sourcecode.swift; path = ContentBrowserView.swift; sourceTree = "<group>"; };
		5725FFB69FF9C8E8DD7344F1 /* test_equirectangular.png */ = {isa = PBXFileReference; lastKnownFileType = image.png; path = test_equirectangular.png; sourceTree = "<group>"; };
		5B2D3769CC1909841E1C5B28 /* StaticOverlayLayerTests.swift */ = {isa = PBXFileReference; lastKnownFileType = sourcecode.swift; path = StaticOverlayLayerTests.swift; sourceTree = "<group>"; };
		669BAEF92AF27CC6003950BD /* moon.jpg */ = {isa = PBXFileReference; lastKnownFileType = image.jpeg; path = moon.jpg; sourceTree = "<group>"; };
		683D4A843BA8BF2B7946D906 /* OverlayController.swift */ = {isa = PBXFileReference; lastKnownFileType = sourcecode.swift; path = OverlayController.swift; sourceTree = "<group>"; };
		68B5E8109F795F0320DFDC53 /* earth_topo.jpg */ = {isa = PBXFileReference; lastKnownFileType = image.jpeg; path = earth_topo.jpg; sourceTree = "<group>"; };
		6F84B08BB1BF20886EED0838 /* GlobeDisplayTests.xctest */ = {isa = PBXFileReference; includeInIndex = 0; lastKnownFileType = wrapper.cfbundle; path = GlobeDisplayTests.xctest; sourceTree = BUILT_PRODUCTS_DIR; };
		72C8BAD5881D6C151863D577 /* AirQualityProviderTests.swift */ = {isa = PBXFileReference; lastKnownFileType = sourcecode.swift; path = AirQualityProviderTests.swift; sourceTree = "<group>"; };
		744C1ABFE65CE6318C1AD11F /* PlaybackControlsView.swift */ = {isa = PBXFileReference; lastKnownFileType = sourcecode.swift; path = PlaybackControlsView.swift; sourceTree = "<group>"; };
		74DFFBA656230A247BE961F7 /* MapProjectionTests.swift */ = {isa = PBXFileReference; lastKnownFileType = sourcecode.swift; path = MapProjectionTests.swift; sourceTree = "<group>"; };
		788D5B031AD9C9ED0775C3FB /* GlobeDisplay.app */ = {isa = PBXFileReference; includeInIndex = 0; lastKnownFileType = wrapper.application; path = GlobeDisplay.app; sourceTree = BUILT_PRODUCTS_DIR; };
		7BF408A12EF4170700F23D94 /* AnimationSequencerTests.swift */ = {isa = PBXFileReference; lastKnownFileType = sourcecode.swift; path = AnimationSequencerTests.swift; sourceTree = "<group>"; };
		7C2BEC263B67DAD983912AC0 /* StaticOverlayLayer.swift */ = {isa = PBXFileReference; lastKnownFileType = sourcecode.swift; path = StaticOverlayLayer.swift; sourceTree = "<group>"; };
		805012810FE0F9A38DC4E548 /* DataLegendView.swift */ = {isa = PBXFileReference; lastKnownFileType = sourcecode.swift; path = DataLegendView.swift; sourceTree = "<group>"; };
		8130E7A5182E1FD2A5A94B74 /* AnimationSequencer.swift */ = {isa = PBXFileReference; lastKnownFileType = sourcecode.swift; path = AnimationSequencer.swift; sourceTree = "<group>"; };
		87FBA9D90DE9E2E325DF48D6 /* jupiter.jpg */ = {isa = PBXFileReference; lastKnownFileType = image.jpeg; path = jupiter.jpg; sourceTree = "<group>"; };
		88B847750833CF51A2D3D3E7 /* VideoPlaybackController.swift */ = {isa = PBXFileReference; lastKnownFileType = sourcecode.swift; path = VideoPlaybackController.swift; sourceTree = "<group>"; };
		96C80C15FB8A9496DF24491D /* Story.swift */ = {isa = PBXFileReference; lastKnownFileType = sourcecode.swift; path = Story.swift; sourceTree = "<group>"; };
		9A88F6563220EC85315ACE89 /* .gitkeep */ = {isa = PBXFileReference; path = .gitkeep; sourceTree = "<group>"; };
		A13A50F6646B3F4B8813D88F /* RenderEngine.swift */ = {isa = PBXFileReference; lastKnownFileType = sourcecode.swift; path = RenderEngine.swift; sourceTree = "<group>"; };
		A3E4972F6AB5CDF7C4E7CDDC /* DataFeedModelTests.swift */ = {isa = PBXFileReference; lastKnownFileType = sourcecode.swift; path = DataFeedModelTests.swift; sourceTree = "<group>"; };
		A66194989FA02E4896509C29 /* ExternalDisplayManager.swift */ = {isa = PBXFileReference; lastKnownFileType = sourcecode.swift; path = ExternalDisplayManager.swift; sourceTree = "<group>"; };
		A7FDA1D0A516ED64A6108F89 /* DataFeedProvider.swift */ = {isa = PBXFileReference; lastKnownFileType = sourcecode.swift; path = DataFeedProvider.swift; sourceTree = "<group>"; };
		A89BC4FAE1235A518DCDFE68 /* mercury.jpg */ = {isa = PBXFileReference; lastKnownFileType = image.jpeg; path = mercury.jpg; sourceTree = "<group>"; };
		AA36D9EB41B827B92DF658C0 /* StoryPlayerView.swift */ = {isa = PBXFileReference; lastKnownFileType = sourcecode.swift; path = StoryPlayerView.swift; sourceTree = "<group>"; };
		AEE3B9D6EBC9033EF2BB8BE7 /* ControlPanelView.swift */ = {isa = PBXFileReference; lastKnownFileType = sourcecode.swift; path = ControlPanelView.swift; sourceTree = "<group>"; };
		B6505AA8303EDE58780DAA2D /* USGSEarthquakeProvider.swift */ = {isa = PBXFileReference; lastKnownFileType = sourcecode.swift; path = USGSEarthquakeProvider.swift; sourceTree = "<group>"; };
		BC1A3AA7C59C097F00FE2EE5 /* OverlayCompositor.swift */ = {isa = PBXFileReference; lastKnownFileType = sourcecode.swift; path = OverlayCompositor.swift; sourceTree = "<group>"; };
		C0FC8D22C0C4CF78D925801E /* DataFeedService.swift */ = {isa = PBXFileReference; lastKnownFileType = sourcecode.swift; path = DataFeedService.swift; sourceTree = "<group>"; };
		C32151FCFBF3F3A98575389D /* DisplayCalibrationTests.swift */ = {isa = PBXFileReference; lastKnownFileType = sourcecode.swift; path = DisplayCalibrationTests.swift; sourceTree = "<group>"; };
		C549AFF55AA149B3698993C7 /* mars.jpg */ = {isa = PBXFileReference; lastKnownFileType = image.jpeg; path = mars.jpg; sourceTree = "<group>"; };
		C7517B787A111441E6FD34CF /* GlobeOutputView.swift */ = {isa = PBXFileReference; lastKnownFileType = sourcecode.swift; path = GlobeOutputView.swift; sourceTree = "<group>"; };
		C921EF1D7C9F5F990F836880 /* ContentCard.swift */ = {isa = PBXFileReference; lastKnownFileType = sourcecode.swift; path = ContentCard.swift; sourceTree = "<group>"; };
		CBCD03BE1482637172A1081E /* VideoPlaybackControllerTests.swift */ = {isa = PBXFileReference; lastKnownFileType = sourcecode.swift; path = VideoPlaybackControllerTests.swift; sourceTree = "<group>"; };
		D167D283104F49C66765C8CA /* earth_night.jpg */ = {isa = PBXFileReference; lastKnownFileType = image.jpeg; path = earth_night.jpg; sourceTree = "<group>"; };
		D1F3082D1C0C63284D7E98B5 /* BundleParser.swift */ = {isa = PBXFileReference; lastKnownFileType = sourcecode.swift; path = BundleParser.swift; sourceTree = "<group>"; };
		D1FE55E475607DDBAF387C24 /* MapProjection.swift */ = {isa = PBXFileReference; lastKnownFileType = sourcecode.swift; path = MapProjection.swift; sourceTree = "<group>"; };
		DA5C91CE843C006280F02E94 /* ContentBundle.swift */ = {isa = PBXFileReference; lastKnownFileType = sourcecode.swift; path = ContentBundle.swift; sourceTree = "<group>"; };
		DC5CDFB56B82CDBA2F25C1D6 /* NASAEONETProvider.swift */ = {isa = PBXFileReference; lastKnownFileType = sourcecode.swift; path = NASAEONETProvider.swift; sourceTree = "<group>"; };
		DE7A75B4B4A41D2A3087B6DB /* ContentManager.swift */ = {isa = PBXFileReference; lastKnownFileType = sourcecode.swift; path = ContentManager.swift; sourceTree = "<group>"; };
		E16F950B088229A9D177BA41 /* EquirectangularShaders.metal */ = {isa = PBXFileReference; lastKnownFileType = sourcecode.metal; path = EquirectangularShaders.metal; sourceTree = "<group>"; };
		E5EC5CB01D5456762E47721C /* AirQualityProvider.swift */ = {isa = PBXFileReference; lastKnownFileType = sourcecode.swift; path = AirQualityProvider.swift; sourceTree = "<group>"; };
		E848C94A8EA637719B5276B3 /* PlanetaryBody.swift */ = {isa = PBXFileReference; lastKnownFileType = sourcecode.swift; path = PlanetaryBody.swift; sourceTree = "<group>"; };
		ECAB11725EFD83864DC835DE /* ContentDownloader.swift */ = {isa = PBXFileReference; lastKnownFileType = sourcecode.swift; path = ContentDownloader.swift; sourceTree = "<group>"; };
		EF294168D66B30189CAC8328 /* neptune.jpg */ = {isa = PBXFileReference; lastKnownFileType = image.jpeg; path = neptune.jpg; sourceTree = "<group>"; };
		F093544A9E571E7E59EBE9B6 /* NetworkMonitor.swift */ = {isa = PBXFileReference; lastKnownFileType = sourcecode.swift; path = NetworkMonitor.swift; sourceTree = "<group>"; };
		F4EFDF4F8F73A5C52585AA7F /* pluto.jpg */ = {isa = PBXFileReference; lastKnownFileType = image.jpeg; path = pluto.jpg; sourceTree = "<group>"; };
		F503D218BA3AD5DEBC49D9E7 /* ExternalDisplaySceneDelegate.swift */ = {isa = PBXFileReference; lastKnownFileType = sourcecode.swift; path = ExternalDisplaySceneDelegate.swift; sourceTree = "<group>"; };
		F5743352306B8C1005493DAF /* uranus.jpg */ = {isa = PBXFileReference; lastKnownFileType = image.jpeg; path = uranus.jpg; sourceTree = "<group>"; };
		F907540F5ED70EE6B9677996 /* blue_marble.jpg */ = {isa = PBXFileReference; lastKnownFileType = image.jpeg; path = blue_marble.jpg; sourceTree = "<group>"; };
		FD19F9A1FBD064BC07C9A7F4 /* ContentBundleTests.swift */ = {isa = PBXFileReference; lastKnownFileType = sourcecode.swift; path = ContentBundleTests.swift; sourceTree = "<group>"; };
		FFF0F0692E77943DD5BE067E /* GlobeDisplayApp.swift */ = {isa = PBXFileReference; lastKnownFileType = sourcecode.swift; path = GlobeDisplayApp.swift; sourceTree = "<group>"; };
/* End PBXFileReference section */

/* Begin PBXGroup section */
		1CC66AE9C96066732AA19DAA /* Education */ = {
			isa = PBXGroup;
			children = (
				AA36D9EB41B827B92DF658C0 /* StoryPlayerView.swift */,
			);
			path = Education;
			sourceTree = "<group>";
		};
		238CA441C64A9593CA136D67 /* ContentManagement */ = {
			isa = PBXGroup;
			children = (
				D1F3082D1C0C63284D7E98B5 /* BundleParser.swift */,
				ECAB11725EFD83864DC835DE /* ContentDownloader.swift */,
				DE7A75B4B4A41D2A3087B6DB /* ContentManager.swift */,
				20935DA0D8C0D0794D120838 /* StoryLibrary.swift */,
				11F0C0DED236DCE47E06B367 /* VideoFrameExtractor.swift */,
			);
			path = ContentManagement;
			sourceTree = "<group>";
		};
		32BBFCA333E8767923653560 /* UI */ = {
			isa = PBXGroup;
			children = (
				71D7F70DB4B54A1EFFD65416 /* Components */,
				C296A9C6D1C089ED64E61A1E /* ControlPanel */,
				1CC66AE9C96066732AA19DAA /* Education */,
				A5B337B94C23AB72B86C7AC6 /* Settings */,
			);
			path = UI;
			sourceTree = "<group>";
		};
		5920A7079F1578D2DCD9FC51 /* App */ = {
			isa = PBXGroup;
			children = (
				15E188446FBB732CE9D1C15A /* AppState.swift */,
				FFF0F0692E77943DD5BE067E /* GlobeDisplayApp.swift */,
				683D4A843BA8BF2B7946D906 /* OverlayController.swift */,
			);
			path = App;
			sourceTree = "<group>";
		};
		60FE1856ECDCCD65759D254F /* Rendering */ = {
			isa = PBXGroup;
			children = (
				8130E7A5182E1FD2A5A94B74 /* AnimationSequencer.swift */,
				E16F950B088229A9D177BA41 /* EquirectangularShaders.metal */,
				BC1A3AA7C59C097F00FE2EE5 /* OverlayCompositor.swift */,
				A13A50F6646B3F4B8813D88F /* RenderEngine.swift */,
				7C2BEC263B67DAD983912AC0 /* StaticOverlayLayer.swift */,
				88B847750833CF51A2D3D3E7 /* VideoPlaybackController.swift */,
			);
			path = Rendering;
			sourceTree = "<group>";
		};
		65EAE44F5BFB21E2F0BF3D61 /* Resources */ = {
			isa = PBXGroup;
			children = (
				B450C0E91BBD472537EE3D1A /* BundledContent */,
				194BD062AB4CEF72216BA329 /* Assets.xcassets */,
			);
			path = Resources;
			sourceTree = "<group>";
		};
		6A92A10849F713963CC72538 /* TestFixtures */ = {
			isa = PBXGroup;
			children = (
				5725FFB69FF9C8E8DD7344F1 /* test_equirectangular.png */,
			);
			path = TestFixtures;
			sourceTree = "<group>";
		};
		717C7766523FC009C349FC36 /* ExternalDisplay */ = {
			isa = PBXGroup;
			children = (
				3EF4C2855AE2D2139DF1627B /* DisplayCalibration.swift */,
				A66194989FA02E4896509C29 /* ExternalDisplayManager.swift */,
				F503D218BA3AD5DEBC49D9E7 /* ExternalDisplaySceneDelegate.swift */,
				C7517B787A111441E6FD34CF /* GlobeOutputView.swift */,
				26C8FD669A99D0F8DA1A2D50 /* SharedAppResources.swift */,
			);
			path = ExternalDisplay;
			sourceTree = "<group>";
		};
		71D7F70DB4B54A1EFFD65416 /* Components */ = {
			isa = PBXGroup;
			children = (
				C921EF1D7C9F5F990F836880 /* ContentCard.swift */,
				805012810FE0F9A38DC4E548 /* DataLegendView.swift */,
				3E9AD62A7D66A0067485E088 /* RenderEngineKey.swift */,
			);
			path = Components;
			sourceTree = "<group>";
		};
		78BC0361A4450627AA2F64B6 /* Models */ = {
			isa = PBXGroup;
			children = (
				DA5C91CE843C006280F02E94 /* ContentBundle.swift */,
				37447F74676C3A0E269DECF7 /* DataFeed.swift */,
				285FEC5239387C7E49ABEE9F /* GeoEvent.swift */,
				E848C94A8EA637719B5276B3 /* PlanetaryBody.swift */,
				96C80C15FB8A9496DF24491D /* Story.swift */,
			);
			path = Models;
			sourceTree = "<group>";
		};
		865ADA5C9E5DC2710456A1B2 = {
			isa = PBXGroup;
			children = (
				CD6A89411A607FFB724F934C /* GlobeDisplay */,
				FECE927174F5556C89B030B2 /* GlobeDisplayTests */,
				BA209216F412889E595339E1 /* GlobeDisplayUITests */,
				AF9B25A1A8DF314B771FB6B8 /* Products */,
			);
			sourceTree = "<group>";
		};
		A5B337B94C23AB72B86C7AC6 /* Settings */ = {
			isa = PBXGroup;
			children = (
				480F0636B1B7CC1B64151037 /* OnboardingView.swift */,
				11A1C6A40EC426DDD1239DD1 /* SettingsView.swift */,
			);
			path = Settings;
			sourceTree = "<group>";
		};
		AF9B25A1A8DF314B771FB6B8 /* Products */ = {
			isa = PBXGroup;
			children = (
				788D5B031AD9C9ED0775C3FB /* GlobeDisplay.app */,
				6F84B08BB1BF20886EED0838 /* GlobeDisplayTests.xctest */,
				4B64CD5E5CD3747F8DA45CC5 /* GlobeDisplayUITests.xctest */,
			);
			name = Products;
			sourceTree = "<group>";
		};
		B450C0E91BBD472537EE3D1A /* BundledContent */ = {
			isa = PBXGroup;
			children = (
				F907540F5ED70EE6B9677996 /* blue_marble.jpg */,
				4FC97C593ADC7368F2F02009 /* earth_clouds.jpg */,
				D167D283104F49C66765C8CA /* earth_night.jpg */,
				68B5E8109F795F0320DFDC53 /* earth_topo.jpg */,
				87FBA9D90DE9E2E325DF48D6 /* jupiter.jpg */,
				C549AFF55AA149B3698993C7 /* mars.jpg */,
				A89BC4FAE1235A518DCDFE68 /* mercury.jpg */,
				669BAEF92AF27CC6003950BD /* moon.jpg */,
				EF294168D66B30189CAC8328 /* neptune.jpg */,
				F4EFDF4F8F73A5C52585AA7F /* pluto.jpg */,
				505829D424ACDA769995D9DA /* rivers_2048x1024.png */,
				07BE9C830B6C35E534C862BF /* saturn.jpg */,
				F5743352306B8C1005493DAF /* uranus.jpg */,
				445ACD0C3EC97EA528027264 /* venus.jpg */,
			);
			path = BundledContent;
			sourceTree = "<group>";
		};
		B6D9C1DA2A7D471F7A58D16C /* Utilities */ = {
			isa = PBXGroup;
			children = (
				D1FE55E475607DDBAF387C24 /* MapProjection.swift */,
				F093544A9E571E7E59EBE9B6 /* NetworkMonitor.swift */,
			);
			path = Utilities;
			sourceTree = "<group>";
		};
		BA209216F412889E595339E1 /* GlobeDisplayUITests */ = {
			isa = PBXGroup;
			children = (
				9A88F6563220EC85315ACE89 /* .gitkeep */,
			);
			path = GlobeDisplayUITests;
			sourceTree = "<group>";
		};
		C296A9C6D1C089ED64E61A1E /* ControlPanel */ = {
			isa = PBXGroup;
			children = (
				51DA5E06390BD51813967302 /* ContentBrowserView.swift */,
				AEE3B9D6EBC9033EF2BB8BE7 /* ControlPanelView.swift */,
				744C1ABFE65CE6318C1AD11F /* PlaybackControlsView.swift */,
			);
			path = ControlPanel;
			sourceTree = "<group>";
		};
		CC6E221B533267336830A0AD /* DataFeeds */ = {
			isa = PBXGroup;
			children = (
				E5EC5CB01D5456762E47721C /* AirQualityProvider.swift */,
				A7FDA1D0A516ED64A6108F89 /* DataFeedProvider.swift */,
				C0FC8D22C0C4CF78D925801E /* DataFeedService.swift */,
				DC5CDFB56B82CDBA2F25C1D6 /* NASAEONETProvider.swift */,
				B6505AA8303EDE58780DAA2D /* USGSEarthquakeProvider.swift */,
			);
			path = DataFeeds;
			sourceTree = "<group>";
		};
		CD6A89411A607FFB724F934C /* GlobeDisplay */ = {
			isa = PBXGroup;
			children = (
				5920A7079F1578D2DCD9FC51 /* App */,
				238CA441C64A9593CA136D67 /* ContentManagement */,
				CC6E221B533267336830A0AD /* DataFeeds */,
				717C7766523FC009C349FC36 /* ExternalDisplay */,
				78BC0361A4450627AA2F64B6 /* Models */,
				60FE1856ECDCCD65759D254F /* Rendering */,
				65EAE44F5BFB21E2F0BF3D61 /* Resources */,
				32BBFCA333E8767923653560 /* UI */,
				B6D9C1DA2A7D471F7A58D16C /* Utilities */,
				2957F0ED262A745F55071427 /* Info.plist */,
				0100EBCDEC638AC9764244A8 /* PrivacyInfo.xcprivacy */,
			);
			path = GlobeDisplay;
			sourceTree = "<group>";
		};
		FECE927174F5556C89B030B2 /* GlobeDisplayTests */ = {
			isa = PBXGroup;
			children = (
				6A92A10849F713963CC72538 /* TestFixtures */,
				72C8BAD5881D6C151863D577 /* AirQualityProviderTests.swift */,
				7BF408A12EF4170700F23D94 /* AnimationSequencerTests.swift */,
				FD19F9A1FBD064BC07C9A7F4 /* ContentBundleTests.swift */,
				A3E4972F6AB5CDF7C4E7CDDC /* DataFeedModelTests.swift */,
				C32151FCFBF3F3A98575389D /* DisplayCalibrationTests.swift */,
				74DFFBA656230A247BE961F7 /* MapProjectionTests.swift */,
				28F2B50A66EC94F939AD15D5 /* MotionMathTests.swift */,
				5B2D3769CC1909841E1C5B28 /* StaticOverlayLayerTests.swift */,
				CBCD03BE1482637172A1081E /* VideoPlaybackControllerTests.swift */,
			);
			path = GlobeDisplayTests;
			sourceTree = "<group>";
		};
/* End PBXGroup section */

/* Begin PBXNativeTarget section */
		5D88B387368787F8E5939252 /* GlobeDisplayUITests */ = {
			isa = PBXNativeTarget;
			buildConfigurationList = B68D8A39340F1C07D90D5FA0 /* Build configuration list for PBXNativeTarget "GlobeDisplayUITests" */;
			buildPhases = (
				E5A2B44F5B79A52EC66C5CD1 /* Sources */,
			);
			buildRules = (
			);
			dependencies = (
				B9E6965EA67C0BAC7FE0C819 /* PBXTargetDependency */,
			);
			name = GlobeDisplayUITests;
			packageProductDependencies = (
			);
			productName = GlobeDisplayUITests;
			productReference = 4B64CD5E5CD3747F8DA45CC5 /* GlobeDisplayUITests.xctest */;
			productType = "com.apple.product-type.bundle.ui-testing";
		};
		C708ED5EF88B805A49324A65 /* GlobeDisplay */ = {
			isa = PBXNativeTarget;
			buildConfigurationList = 16C9349EF59A1C42D9816683 /* Build configuration list for PBXNativeTarget "GlobeDisplay" */;
			buildPhases = (
				71223B6FE0A2188510ADD3AD /* Sources */,
				AB12785CB8DA7EE9F7ED49F1 /* Resources */,
			);
			buildRules = (
			);
			dependencies = (
			);
			name = GlobeDisplay;
			packageProductDependencies = (
			);
			productName = GlobeDisplay;
			productReference = 788D5B031AD9C9ED0775C3FB /* GlobeDisplay.app */;
			productType = "com.apple.product-type.application";
		};
		E2CB7233E64F157DD8D4BBF6 /* GlobeDisplayTests */ = {
			isa = PBXNativeTarget;
			buildConfigurationList = E2C007B0781A490C6EFBF717 /* Build configuration list for PBXNativeTarget "GlobeDisplayTests" */;
			buildPhases = (
				3E80551EF76ED2AFEC8176A9 /* Sources */,
				AF187A461E2F2A9246D0A731 /* Resources */,
			);
			buildRules = (
			);
			dependencies = (
				ED7068FAC2B6E6041B22E194 /* PBXTargetDependency */,
			);
			name = GlobeDisplayTests;
			packageProductDependencies = (
			);
			productName = GlobeDisplayTests;
			productReference = 6F84B08BB1BF20886EED0838 /* GlobeDisplayTests.xctest */;
			productType = "com.apple.product-type.bundle.unit-test";
		};
/* End PBXNativeTarget section */

/* Begin PBXProject section */
		8356DABF75542E14C89D571C /* Project object */ = {
			isa = PBXProject;
			attributes = {
				BuildIndependentTargetsInParallel = YES;
				LastUpgradeCheck = 2630;
				TargetAttributes = {
					5D88B387368787F8E5939252 = {
						TestTargetID = C708ED5EF88B805A49324A65;
					};
					C708ED5EF88B805A49324A65 = {
						DevelopmentTeam = 33AV9322Z6;
						ProvisioningStyle = Automatic;
					};
				};
			};
			buildConfigurationList = F7C83D19D61C2E0CA0007434 /* Build configuration list for PBXProject "GlobeDisplay" */;
			compatibilityVersion = "Xcode 14.0";
			developmentRegion = en;
			hasScannedForEncodings = 0;
			knownRegions = (
				Base,
				en,
			);
			mainGroup = 865ADA5C9E5DC2710456A1B2;
			minimizedProjectReferenceProxies = 1;
			preferredProjectObjectVersion = 77;
			projectDirPath = "";
			projectRoot = "";
			targets = (
				C708ED5EF88B805A49324A65 /* GlobeDisplay */,
				E2CB7233E64F157DD8D4BBF6 /* GlobeDisplayTests */,
				5D88B387368787F8E5939252 /* GlobeDisplayUITests */,
			);
		};
/* End PBXProject section */

/* Begin PBXResourcesBuildPhase section */
		AB12785CB8DA7EE9F7ED49F1 /* Resources */ = {
			isa = PBXResourcesBuildPhase;
			buildActionMask = 2147483647;
			files = (
				E18AD1C043D0E39F6B9A50C8 /* Assets.xcassets in Resources */,
				26FE2A5DA982100B82AC3559 /* PrivacyInfo.xcprivacy in Resources */,
				0C378027CF4BE25711D9A52D /* blue_marble.jpg in Resources */,
				4F6B7525614D3D132943110C /* earth_clouds.jpg in Resources */,
				D064405188AAE1FD34D829F9 /* earth_night.jpg in Resources */,
				683018AC7DC6BE21317DBC31 /* earth_topo.jpg in Resources */,
				3BF2825E2F4B1C4161692DF0 /* jupiter.jpg in Resources */,
				97DA0418D5CBD6A6FEFA44D7 /* mars.jpg in Resources */,
				C113DB3A0EF25DCF742A2DE5 /* mercury.jpg in Resources */,
				989D4237A2054BC0C4EA649A /* moon.jpg in Resources */,
				13687A638D11228772A43506 /* neptune.jpg in Resources */,
				036DEB9B599D533E0513A75B /* pluto.jpg in Resources */,
				7233C73094E83261BD1B0C05 /* rivers_2048x1024.png in Resources */,
				2E775E943078163F8585605C /* saturn.jpg in Resources */,
				7B4435662F787CCAB38DF650 /* uranus.jpg in Resources */,
				8EA3DF2BB12412956BC7D080 /* venus.jpg in Resources */,
			);
			runOnlyForDeploymentPostprocessing = 0;
		};
		AF187A461E2F2A9246D0A731 /* Resources */ = {
			isa = PBXResourcesBuildPhase;
			buildActionMask = 2147483647;
			files = (
				DE1A68839FDEB7672AC06105 /* test_equirectangular.png in Resources */,
			);
			runOnlyForDeploymentPostprocessing = 0;
		};
/* End PBXResourcesBuildPhase section */

/* Begin PBXSourcesBuildPhase section */
		3E80551EF76ED2AFEC8176A9 /* Sources */ = {
			isa = PBXSourcesBuildPhase;
			buildActionMask = 2147483647;
			files = (
				E1CB07545929B27B08CA9348 /* AirQualityProviderTests.swift in Sources */,
				869BFE77C8E041B4387CF4E1 /* AnimationSequencerTests.swift in Sources */,
				5A1C9DBFC5FDBF9756E60834 /* ContentBundleTests.swift in Sources */,
				624528C006B4F008A02BA8BE /* DataFeedModelTests.swift in Sources */,
				A37E523B3B17E5A1023A6904 /* DisplayCalibrationTests.swift in Sources */,
				574C97106B4A90E2381BF451 /* MapProjectionTests.swift in Sources */,
				8948F2322538BB83A3A3167F /* MotionMathTests.swift in Sources */,
				010FF65360275A3B938F3824 /* StaticOverlayLayerTests.swift in Sources */,
				0F4B4B1E0D78A2C68DE9313A /* VideoPlaybackControllerTests.swift in Sources */,
			);
			runOnlyForDeploymentPostprocessing = 0;
		};
		71223B6FE0A2188510ADD3AD /* Sources */ = {
			isa = PBXSourcesBuildPhase;
			buildActionMask = 2147483647;
			files = (
				B00D43BDA6E537A1F831786E /* AirQualityProvider.swift in Sources */,
				6459506740DE0C08D1AF44CC /* AnimationSequencer.swift in Sources */,
				01B3A6A8E5B947CD6BF0F0A3 /* AppState.swift in Sources */,
				AA73488531435612E4CC099F /* BundleParser.swift in Sources */,
				6DD533F52977789CA917738D /* ContentBrowserView.swift in Sources */,
				61FFB73F2AE5FD9A7707375B /* ContentBundle.swift in Sources */,
				DE3F4D2E03B967126B8F8ED1 /* ContentCard.swift in Sources */,
				CEC7E38C39EFBF11E9CCFDF6 /* ContentDownloader.swift in Sources */,
				2329B29F3997D4CBCB9D8AC1 /* ContentManager.swift in Sources */,
				35C26F82C8EACB8298ADDA2F /* ControlPanelView.swift in Sources */,
				12E8945DA5E734F3CA7B2DB9 /* DataFeed.swift in Sources */,
				F91C421704D4A8381CE08317 /* DataFeedProvider.swift in Sources */,
				6C9987AACDDD86501B079D07 /* DataFeedService.swift in Sources */,
				A65C30000BDD36D80D8C6F0F /* DataLegendView.swift in Sources */,
				834F7C4CEACB479BF812A78A /* DisplayCalibration.swift in Sources */,
				037DA22F5F8A651A6EECAE37 /* EquirectangularShaders.metal in Sources */,
				A87DBBDC3F0F5AC9440CBAA8 /* ExternalDisplayManager.swift in Sources */,
				DF4E00B1B4EAA5045695E6B4 /* ExternalDisplaySceneDelegate.swift in Sources */,
				67E249BDBC53CCCA704BB03D /* GeoEvent.swift in Sources */,
				F6AB805D1D47BA72FF5E8DF1 /* GlobeDisplayApp.swift in Sources */,
				7F384EDE88AA178D664F0CDA /* GlobeOutputView.swift in Sources */,
				532DF8DECC7F756FE8050846 /* MapProjection.swift in Sources */,
				D5F70503F06A154C858C6338 /* NASAEONETProvider.swift in Sources */,
				F7565373EF673E5ADAC24068 /* NetworkMonitor.swift in Sources */,
				98E2E3D6DC62BB597938BB56 /* OnboardingView.swift in Sources */,
				0669660D89121D9A6F91B59C /* OverlayCompositor.swift in Sources */,
				5B8BA8FE0328325063066350 /* OverlayController.swift in Sources */,
				9753A7EEE839C56D136F5EF6 /* PlanetaryBody.swift in Sources */,
				8F7613AC4C261A628A622438 /* PlaybackControlsView.swift in Sources */,
				D85241658422813F4BA786CF /* RenderEngine.swift in Sources */,
				55E981C48D12132CBD1D6A8A /* RenderEngineKey.swift in Sources */,
				CC7E572A322E37890EF3F5C0 /* SettingsView.swift in Sources */,
				620F83402C837794E099559E /* SharedAppResources.swift in Sources */,
				5C3FF5CA482562A5D9C49BB3 /* StaticOverlayLayer.swift in Sources */,
				DF6EE1D97B3DEFBD7B913821 /* Story.swift in Sources */,
				9F6D808A25F4E9F5E79E783C /* StoryLibrary.swift in Sources */,
				201F62673C5E0266FA4018EF /* StoryPlayerView.swift in Sources */,
				4FD0FBEA4E0CEEDD1F2B3BE1 /* USGSEarthquakeProvider.swift in Sources */,
				0D24867CED1D9213F57B1D9A /* VideoFrameExtractor.swift in Sources */,
				503BF6AC548F30EBDE1D7762 /* VideoPlaybackController.swift in Sources */,
			);
			runOnlyForDeploymentPostprocessing = 0;
		};
		E5A2B44F5B79A52EC66C5CD1 /* Sources */ = {
			isa = PBXSourcesBuildPhase;
			buildActionMask = 2147483647;
			files = (
			);
			runOnlyForDeploymentPostprocessing = 0;
		};
/* End PBXSourcesBuildPhase section */

/* Begin PBXTargetDependency section */
		B9E6965EA67C0BAC7FE0C819 /* PBXTargetDependency */ = {
			isa = PBXTargetDependency;
			target = C708ED5EF88B805A49324A65 /* GlobeDisplay */;
			targetProxy = 64DAAAF6B710FDAF050282D6 /* PBXContainerItemProxy */;
		};
		ED7068FAC2B6E6041B22E194 /* PBXTargetDependency */ = {
			isa = PBXTargetDependency;
			target = C708ED5EF88B805A49324A65 /* GlobeDisplay */;
			targetProxy = 1A325E09279E16013ED728DC /* PBXContainerItemProxy */;
		};
/* End PBXTargetDependency section */

/* Begin XCBuildConfiguration section */
		12CEA240846AF6E7EBF7BAF3 /* Release */ = {
			isa = XCBuildConfiguration;
			buildSettings = {
				BUNDLE_LOADER = "$(TEST_HOST)";
				GENERATE_INFOPLIST_FILE = YES;
				IPHONEOS_DEPLOYMENT_TARGET = 17.0;
				LD_RUNPATH_SEARCH_PATHS = (
					"$(inherited)",
					"@executable_path/Frameworks",
					"@loader_path/Frameworks",
				);
				PRODUCT_BUNDLE_IDENTIFIER = com.globedisplay.tests;
				SDKROOT = iphoneos;
				TARGETED_DEVICE_FAMILY = "1,2";
				TEST_HOST = "$(BUILT_PRODUCTS_DIR)/GlobeDisplay.app/$(BUNDLE_EXECUTABLE_FOLDER_PATH)/GlobeDisplay";
			};
			name = Release;
		};
		182511402587D2933BDC1B8C /* Release */ = {
			isa = XCBuildConfiguration;
			buildSettings = {
				ALWAYS_SEARCH_USER_PATHS = NO;
				CLANG_ANALYZER_NONNULL = YES;
				CLANG_ANALYZER_NUMBER_OBJECT_CONVERSION = YES_AGGRESSIVE;
				CLANG_CXX_LANGUAGE_STANDARD = "gnu++14";
				CLANG_CXX_LIBRARY = "libc++";
				CLANG_ENABLE_MODULES = YES;
				CLANG_ENABLE_OBJC_ARC = YES;
				CLANG_ENABLE_OBJC_WEAK = YES;
				CLANG_WARN_BLOCK_CAPTURE_AUTORELEASING = YES;
				CLANG_WARN_BOOL_CONVERSION = YES;
				CLANG_WARN_COMMA = YES;
				CLANG_WARN_CONSTANT_CONVERSION = YES;
				CLANG_WARN_DEPRECATED_OBJC_IMPLEMENTATIONS = YES;
				CLANG_WARN_DIRECT_OBJC_ISA_USAGE = YES_ERROR;
				CLANG_WARN_DOCUMENTATION_COMMENTS = YES;
				CLANG_WARN_EMPTY_BODY = YES;
				CLANG_WARN_ENUM_CONVERSION = YES;
				CLANG_WARN_INFINITE_RECURSION = YES;
				CLANG_WARN_INT_CONVERSION = YES;
				CLANG_WARN_NON_LITERAL_NULL_CONVERSION = YES;
				CLANG_WARN_OBJC_IMPLICIT_RETAIN_SELF = YES;
				CLANG_WARN_OBJC_LITERAL_CONVERSION = YES;
				CLANG_WARN_OBJC_ROOT_CLASS = YES_ERROR;
				CLANG_WARN_QUOTED_INCLUDE_IN_FRAMEWORK_HEADER = YES;
				CLANG_WARN_RANGE_LOOP_ANALYSIS = YES;
				CLANG_WARN_STRICT_PROTOTYPES = YES;
				CLANG_WARN_SUSPICIOUS_MOVE = YES;
				CLANG_WARN_UNGUARDED_AVAILABILITY = YES_AGGRESSIVE;
				CLANG_WARN_UNREACHABLE_CODE = YES;
				CLANG_WARN__DUPLICATE_METHOD_MATCH = YES;
				COPY_PHASE_STRIP = NO;
				DEBUG_INFORMATION_FORMAT = "dwarf-with-dsym";
				ENABLE_NS_ASSERTIONS = NO;
				ENABLE_STRICT_OBJC_MSGSEND = YES;
				GCC_C_LANGUAGE_STANDARD = gnu11;
				GCC_NO_COMMON_BLOCKS = YES;
				GCC_WARN_64_TO_32_BIT_CONVERSION = YES;
				GCC_WARN_ABOUT_RETURN_TYPE = YES_ERROR;
				GCC_WARN_UNDECLARED_SELECTOR = YES;
				GCC_WARN_UNINITIALIZED_AUTOS = YES_AGGRESSIVE;
				GCC_WARN_UNUSED_FUNCTION = YES;
				GCC_WARN_UNUSED_VARIABLE = YES;
				IPHONEOS_DEPLOYMENT_TARGET = 17.0;
				MTL_ENABLE_DEBUG_INFO = NO;
				MTL_FAST_MATH = YES;
				PRODUCT_NAME = "$(TARGET_NAME)";
				SDKROOT = iphoneos;
				SUPPORTS_MAC_DESIGNED_FOR_IPHONE_IPAD = NO;
				SWIFT_COMPILATION_MODE = wholemodule;
				SWIFT_OPTIMIZATION_LEVEL = "-O";
				SWIFT_STRICT_CONCURRENCY = complete;
				SWIFT_VERSION = 6.0;
				TARGETED_DEVICE_FAMILY = 2;
			};
			name = Release;
		};
		2A5F2387E6CDC98E732894AF /* Debug */ = {
			isa = XCBuildConfiguration;
			buildSettings = {
				ALWAYS_SEARCH_USER_PATHS = NO;
				CLANG_ANALYZER_NONNULL = YES;
				CLANG_ANALYZER_NUMBER_OBJECT_CONVERSION = YES_AGGRESSIVE;
				CLANG_CXX_LANGUAGE_STANDARD = "gnu++14";
				CLANG_CXX_LIBRARY = "libc++";
				CLANG_ENABLE_MODULES = YES;
				CLANG_ENABLE_OBJC_ARC = YES;
				CLANG_ENABLE_OBJC_WEAK = YES;
				CLANG_WARN_BLOCK_CAPTURE_AUTORELEASING = YES;
				CLANG_WARN_BOOL_CONVERSION = YES;
				CLANG_WARN_COMMA = YES;
				CLANG_WARN_CONSTANT_CONVERSION = YES;
				CLANG_WARN_DEPRECATED_OBJC_IMPLEMENTATIONS = YES;
				CLANG_WARN_DIRECT_OBJC_ISA_USAGE = YES_ERROR;
				CLANG_WARN_DOCUMENTATION_COMMENTS = YES;
				CLANG_WARN_EMPTY_BODY = YES;
				CLANG_WARN_ENUM_CONVERSION = YES;
				CLANG_WARN_INFINITE_RECURSION = YES;
				CLANG_WARN_INT_CONVERSION = YES;
				CLANG_WARN_NON_LITERAL_NULL_CONVERSION = YES;
				CLANG_WARN_OBJC_IMPLICIT_RETAIN_SELF = YES;
				CLANG_WARN_OBJC_LITERAL_CONVERSION = YES;
				CLANG_WARN_OBJC_ROOT_CLASS = YES_ERROR;
				CLANG_WARN_QUOTED_INCLUDE_IN_FRAMEWORK_HEADER = YES;
				CLANG_WARN_RANGE_LOOP_ANALYSIS = YES;
				CLANG_WARN_STRICT_PROTOTYPES = YES;
				CLANG_WARN_SUSPICIOUS_MOVE = YES;
				CLANG_WARN_UNGUARDED_AVAILABILITY = YES_AGGRESSIVE;
				CLANG_WARN_UNREACHABLE_CODE = YES;
				CLANG_WARN__DUPLICATE_METHOD_MATCH = YES;
				COPY_PHASE_STRIP = NO;
				DEBUG_INFORMATION_FORMAT = dwarf;
				ENABLE_STRICT_OBJC_MSGSEND = YES;
				ENABLE_TESTABILITY = YES;
				GCC_C_LANGUAGE_STANDARD = gnu11;
				GCC_DYNAMIC_NO_PIC = NO;
				GCC_NO_COMMON_BLOCKS = YES;
				GCC_OPTIMIZATION_LEVEL = 0;
				GCC_PREPROCESSOR_DEFINITIONS = (
					"$(inherited)",
					"DEBUG=1",
				);
				GCC_WARN_64_TO_32_BIT_CONVERSION = YES;
				GCC_WARN_ABOUT_RETURN_TYPE = YES_ERROR;
				GCC_WARN_UNDECLARED_SELECTOR = YES;
				GCC_WARN_UNINITIALIZED_AUTOS = YES_AGGRESSIVE;
				GCC_WARN_UNUSED_FUNCTION = YES;
				GCC_WARN_UNUSED_VARIABLE = YES;
				IPHONEOS_DEPLOYMENT_TARGET = 17.0;
				MTL_ENABLE_DEBUG_INFO = INCLUDE_SOURCE;
				MTL_FAST_MATH = YES;
				ONLY_ACTIVE_ARCH = YES;
				PRODUCT_NAME = "$(TARGET_NAME)";
				SDKROOT = iphoneos;
				SUPPORTS_MAC_DESIGNED_FOR_IPHONE_IPAD = NO;
				SWIFT_ACTIVE_COMPILATION_CONDITIONS = DEBUG;
				SWIFT_OPTIMIZATION_LEVEL = "-Onone";
				SWIFT_STRICT_CONCURRENCY = complete;
				SWIFT_VERSION = 6.0;
				TARGETED_DEVICE_FAMILY = 2;
			};
			name = Debug;
		};
		701105C78AC39B4EE23DB8B0 /* Release */ = {
			isa = XCBuildConfiguration;
			buildSettings = {
				ASSETCATALOG_COMPILER_APPICON_NAME = AppIcon;
				CODE_SIGN_IDENTITY = "iPhone Developer";
				CODE_SIGN_STYLE = Automatic;
				DEVELOPMENT_TEAM = 33AV9322Z6;
				INFOPLIST_FILE = GlobeDisplay/Info.plist;
				IPHONEOS_DEPLOYMENT_TARGET = 17.0;
				LD_RUNPATH_SEARCH_PATHS = (
					"$(inherited)",
					"@executable_path/Frameworks",
				);
				PRODUCT_BUNDLE_IDENTIFIER = com.globedisplay.app;
				SDKROOT = iphoneos;
				TARGETED_DEVICE_FAMILY = 2;
			};
			name = Release;
		};
		9A7B015D5AF4DBE1AB1C26CB /* Release */ = {
			isa = XCBuildConfiguration;
			buildSettings = {
				BUNDLE_LOADER = "$(TEST_HOST)";
				GENERATE_INFOPLIST_FILE = YES;
				IPHONEOS_DEPLOYMENT_TARGET = 17.0;
				LD_RUNPATH_SEARCH_PATHS = (
					"$(inherited)",
					"@executable_path/Frameworks",
					"@loader_path/Frameworks",
				);
				PRODUCT_BUNDLE_IDENTIFIER = com.globedisplay.uitests;
				SDKROOT = iphoneos;
				TARGETED_DEVICE_FAMILY = "1,2";
				TEST_TARGET_NAME = GlobeDisplay;
			};
			name = Release;
		};
		A01D620FF7D4F8D119057A54 /* Debug */ = {
			isa = XCBuildConfiguration;
			buildSettings = {
				ASSETCATALOG_COMPILER_APPICON_NAME = AppIcon;
				CODE_SIGN_IDENTITY = "iPhone Developer";
				CODE_SIGN_STYLE = Automatic;
				DEVELOPMENT_TEAM = 33AV9322Z6;
				INFOPLIST_FILE = GlobeDisplay/Info.plist;
				IPHONEOS_DEPLOYMENT_TARGET = 17.0;
				LD_RUNPATH_SEARCH_PATHS = (
					"$(inherited)",
					"@executable_path/Frameworks",
				);
				PRODUCT_BUNDLE_IDENTIFIER = com.globedisplay.app;
				SDKROOT = iphoneos;
				TARGETED_DEVICE_FAMILY = 2;
			};
			name = Debug;
		};
		A78EF1ED224BC99B7011019D /* Debug */ = {
			isa = XCBuildConfiguration;
			buildSettings = {
				BUNDLE_LOADER = "$(TEST_HOST)";
				GENERATE_INFOPLIST_FILE = YES;
				IPHONEOS_DEPLOYMENT_TARGET = 17.0;
				LD_RUNPATH_SEARCH_PATHS = (
					"$(inherited)",
					"@executable_path/Frameworks",
					"@loader_path/Frameworks",
				);
				PRODUCT_BUNDLE_IDENTIFIER = com.globedisplay.uitests;
				SDKROOT = iphoneos;
				TARGETED_DEVICE_FAMILY = "1,2";
				TEST_TARGET_NAME = GlobeDisplay;
			};
			name = Debug;
		};
		C9EBCD45196AE2B873113411 /* Debug */ = {
			isa = XCBuildConfiguration;
			buildSettings = {
				BUNDLE_LOADER = "$(TEST_HOST)";
				GENERATE_INFOPLIST_FILE = YES;
				IPHONEOS_DEPLOYMENT_TARGET = 17.0;
				LD_RUNPATH_SEARCH_PATHS = (
					"$(inherited)",
					"@executable_path/Frameworks",
					"@loader_path/Frameworks",
				);
				PRODUCT_BUNDLE_IDENTIFIER = com.globedisplay.tests;
				SDKROOT = iphoneos;
				TARGETED_DEVICE_FAMILY = "1,2";
				TEST_HOST = "$(BUILT_PRODUCTS_DIR)/GlobeDisplay.app/$(BUNDLE_EXECUTABLE_FOLDER_PATH)/GlobeDisplay";
			};
			name = Debug;
		};
/* End XCBuildConfiguration section */

/* Begin XCConfigurationList section */
		16C9349EF59A1C42D9816683 /* Build configuration list for PBXNativeTarget "GlobeDisplay" */ = {
			isa = XCConfigurationList;
			buildConfigurations = (
				A01D620FF7D4F8D119057A54 /* Debug */,
				701105C78AC39B4EE23DB8B0 /* Release */,
			);
			defaultConfigurationIsVisible = 0;
			defaultConfigurationName = Debug;
		};
		B68D8A39340F1C07D90D5FA0 /* Build configuration list for PBXNativeTarget "GlobeDisplayUITests" */ = {
			isa = XCConfigurationList;
			buildConfigurations = (
				A78EF1ED224BC99B7011019D /* Debug */,
				9A7B015D5AF4DBE1AB1C26CB /* Release */,
			);
			defaultConfigurationIsVisible = 0;
			defaultConfigurationName = Debug;
		};
		E2C007B0781A490C6EFBF717 /* Build configuration list for PBXNativeTarget "GlobeDisplayTests" */ = {
			isa = XCConfigurationList;
			buildConfigurations = (
				C9EBCD45196AE2B873113411 /* Debug */,
				12CEA240846AF6E7EBF7BAF3 /* Release */,
			);
			defaultConfigurationIsVisible = 0;
			defaultConfigurationName = Debug;
		};
		F7C83D19D61C2E0CA0007434 /* Build configuration list for PBXProject "GlobeDisplay" */ = {
			isa = XCConfigurationList;
			buildConfigurations = (
				2A5F2387E6CDC98E732894AF /* Debug */,
				182511402587D2933BDC1B8C /* Release */,
			);
			defaultConfigurationIsVisible = 0;
			defaultConfigurationName = Debug;
		};
/* End XCConfigurationList section */
	};
	rootObject = 8356DABF75542E14C89D571C /* Project object */;
}
